
Microsoft Visual Studio Solution File, Format Version 12.00
# Visual Studio Version 16
VisualStudioVersion = 16.0.30907.101
MinimumVisualStudioVersion = 10.0.40219.1
Project("{FAE04EC0-301F-11D3-BF4B-00C04F79EFBC}") = "GHook", "GHook.csproj", "{EC5E9ECA-245A-4A68-BF7E-0D6BF9C10393}"
EndProject
Global
	GlobalSection(SolutionConfigurationPlatforms) = preSolution
		Debug|Any CPU = Debug|Any CPU
		Release|Any CPU = Release|Any CPU
	EndGlobalSection
	GlobalSection(ProjectConfigurationPlatforms) = postSolution
		{EC5E9ECA-245A-4A68-BF7E-0D6BF9C10393}.Debug|Any CPU.ActiveCfg = Debug|Any CPU
		{EC5E9ECA-245A-4A68-BF7E-0D6BF9C10393}.Debug|Any CPU.Build.0 = Debug|Any CPU
		{EC5E9ECA-245A-4A68-BF7E-0D6BF9C10393}.Release|Any CPU.ActiveCfg = Release|Any CPU
		{EC5E9ECA-245A-4A68-BF7E-0D6BF9C10393}.Release|Any CPU.Build.0 = Release|Any CPU
	EndGlobalSection
	GlobalSection(SolutionProperties) = preSolution
		HideSolutionNode = FALSE
	EndGlobalSection
	GlobalSection(ExtensibilityGlobals) = postSolution
		SolutionGuid = {BF6730C6-7169-4374-A6B9-A5A42C015F9D}
	EndGlobalSection
EndGlobal
